
Microsoft Visual Studio Solution File, Format Version 12.00
# Visual Studio Version 17
VisualStudioVersion = 17.5.33627.172
MinimumVisualStudioVersion = 10.0.40219.1
Project("{54A90642-561A-4BB1-A94E-469ADEE60C69}") = "VueApp", "vueapp\VueApp.esproj", "{E4EB0F7D-24DB-4672-835E-C352D89A748A}"
EndProject
Project("{9A19103F-16F7-4668-BE54-9A1E7A4F7556}") = "WebApi", "webapi\WebApi.csproj", "{F643B23C-80A6-4261-B2BD-95CE4319968F}"
EndProject
Global
	GlobalSection(SolutionConfigurationPlatforms) = preSolution
		Debug|Any CPU = Debug|Any CPU
		Release|Any CPU = Release|Any CPU
	EndGlobalSection
	GlobalSection(ProjectConfigurationPlatforms) = postSolution
		{E4EB0F7D-24DB-4672-835E-C352D89A748A}.Debug|Any CPU.ActiveCfg = Debug|Any CPU
		{E4EB0F7D-24DB-4672-835E-C352D89A748A}.Debug|Any CPU.Build.0 = Debug|Any CPU
		{E4EB0F7D-24DB-4672-835E-C352D89A748A}.Debug|Any CPU.Deploy.0 = Debug|Any CPU
		{E4EB0F7D-24DB-4672-835E-C352D89A748A}.Release|Any CPU.ActiveCfg = Release|Any CPU
		{E4EB0F7D-24DB-4672-835E-C352D89A748A}.Release|Any CPU.Build.0 = Release|Any CPU
		{E4EB0F7D-24DB-4672-835E-C352D89A748A}.Release|Any CPU.Deploy.0 = Release|Any CPU
		{F643B23C-80A6-4261-B2BD-95CE4319968F}.Debug|Any CPU.ActiveCfg = Debug|Any CPU
		{F643B23C-80A6-4261-B2BD-95CE4319968F}.Debug|Any CPU.Build.0 = Debug|Any CPU
		{F643B23C-80A6-4261-B2BD-95CE4319968F}.Release|Any CPU.ActiveCfg = Release|Any CPU
		{F643B23C-80A6-4261-B2BD-95CE4319968F}.Release|Any CPU.Build.0 = Release|Any CPU
	EndGlobalSection
	GlobalSection(SolutionProperties) = preSolution
		HideSolutionNode = FALSE
	EndGlobalSection
	GlobalSection(ExtensibilityGlobals) = postSolution
		SolutionGuid = {BD3D5D5A-17C4-40EF-88C8-CBD579812003}
	EndGlobalSection
EndGlobal
