
Microsoft Visual Studio Solution File, Format Version 12.00
# Visual Studio Version 17
VisualStudioVersion = 17.6.33723.286
MinimumVisualStudioVersion = 10.0.40219.1
Project("{FAE04EC0-301F-11D3-BF4B-00C04F79EFBC}") = "VolonteerHelper.Api", "VolonteerHelper.Api.csproj", "{990A3B15-390C-4AC0-BEA0-79D8631353A5}"
EndProject
Project("{FAE04EC0-301F-11D3-BF4B-00C04F79EFBC}") = "VolonteerHelper.Web", "..\VolonteerHelper.Web\VolonteerHelper.Web.csproj", "{142F79F8-002A-4A14-897F-4EB41726EDD2}"
EndProject
Global
	GlobalSection(SolutionConfigurationPlatforms) = preSolution
		Debug|Any CPU = Debug|Any CPU
		Release|Any CPU = Release|Any CPU
	EndGlobalSection
	GlobalSection(ProjectConfigurationPlatforms) = postSolution
		{990A3B15-390C-4AC0-BEA0-79D8631353A5}.Debug|Any CPU.ActiveCfg = Debug|Any CPU
		{990A3B15-390C-4AC0-BEA0-79D8631353A5}.Debug|Any CPU.Build.0 = Debug|Any CPU
		{990A3B15-390C-4AC0-BEA0-79D8631353A5}.Release|Any CPU.ActiveCfg = Release|Any CPU
		{990A3B15-390C-4AC0-BEA0-79D8631353A5}.Release|Any CPU.Build.0 = Release|Any CPU
		{142F79F8-002A-4A14-897F-4EB41726EDD2}.Debug|Any CPU.ActiveCfg = Debug|Any CPU
		{142F79F8-002A-4A14-897F-4EB41726EDD2}.Debug|Any CPU.Build.0 = Debug|Any CPU
		{142F79F8-002A-4A14-897F-4EB41726EDD2}.Release|Any CPU.ActiveCfg = Release|Any CPU
		{142F79F8-002A-4A14-897F-4EB41726EDD2}.Release|Any CPU.Build.0 = Release|Any CPU
	EndGlobalSection
	GlobalSection(SolutionProperties) = preSolution
		HideSolutionNode = FALSE
	EndGlobalSection
	GlobalSection(ExtensibilityGlobals) = postSolution
		SolutionGuid = {7E2D37F9-8B45-4E9E-BA36-DF18B38C5A7E}
	EndGlobalSection
EndGlobal
